
Microsoft Visual Studio Solution File, Format Version 12.00
# Visual Studio Version 16
VisualStudioVersion = 16.0.30114.105
MinimumVisualStudioVersion = 10.0.40219.1
Project("{9A19103F-16F7-4668-BE54-9A1E7A4F7556}") = "PocketTools.AspNet.Mvc", "PocketTools.AspNet.Mvc\PocketTools.AspNet.Mvc.csproj", "{9EFAA4B8-24B1-4F1C-883C-BB2867635669}"
EndProject
Project("{FAE04EC0-301F-11D3-BF4B-00C04F79EFBC}") = "PocketTools.AspNet.Mvc.Tests", "PocketTools.AspNet.Mvc.Tests\PocketTools.AspNet.Mvc.Tests.csproj", "{91E707E8-AC20-4A5B-8126-ACB98C6BA2A3}"
EndProject
Global
	GlobalSection(SolutionConfigurationPlatforms) = preSolution
		Debug|Any CPU = Debug|Any CPU
		Release|Any CPU = Release|Any CPU
	EndGlobalSection
	GlobalSection(ProjectConfigurationPlatforms) = postSolution
		{9EFAA4B8-24B1-4F1C-883C-BB2867635669}.Debug|Any CPU.ActiveCfg = Debug|Any CPU
		{9EFAA4B8-24B1-4F1C-883C-BB2867635669}.Debug|Any CPU.Build.0 = Debug|Any CPU
		{9EFAA4B8-24B1-4F1C-883C-BB2867635669}.Release|Any CPU.ActiveCfg = Release|Any CPU
		{9EFAA4B8-24B1-4F1C-883C-BB2867635669}.Release|Any CPU.Build.0 = Release|Any CPU
		{91E707E8-AC20-4A5B-8126-ACB98C6BA2A3}.Debug|Any CPU.ActiveCfg = Debug|Any CPU
		{91E707E8-AC20-4A5B-8126-ACB98C6BA2A3}.Debug|Any CPU.Build.0 = Debug|Any CPU
		{91E707E8-AC20-4A5B-8126-ACB98C6BA2A3}.Release|Any CPU.ActiveCfg = Release|Any CPU
		{91E707E8-AC20-4A5B-8126-ACB98C6BA2A3}.Release|Any CPU.Build.0 = Release|Any CPU
	EndGlobalSection
	GlobalSection(SolutionProperties) = preSolution
		HideSolutionNode = FALSE
	EndGlobalSection
	GlobalSection(ExtensibilityGlobals) = postSolution
		SolutionGuid = {7A3BA367-C3A8-4618-95CC-144FF83EFC11}
	EndGlobalSection
EndGlobal
