
Microsoft Visual Studio Solution File, Format Version 12.00
# Visual Studio Version 16
VisualStudioVersion = 16.0.29806.167
MinimumVisualStudioVersion = 10.0.40219.1
Project("{9A19103F-16F7-4668-BE54-9A1E7A4F7556}") = "PocketTools.Core", "PocketTools.Core\PocketTools.Core.csproj", "{B71C0262-EF13-4EDD-841A-3DEE19F6E7FF}"
EndProject
Project("{9A19103F-16F7-4668-BE54-9A1E7A4F7556}") = "PocketTools.Core.Tests", "PocketTools.Core.Tests\PocketTools.Core.Tests.csproj", "{984961CA-71AD-4FE5-84FF-326BF389FCBE}"
EndProject
Project("{9A19103F-16F7-4668-BE54-9A1E7A4F7556}") = "StringNaturalComparer.BenchmarkDotNet", "StringNaturalComparer.BenchmarkDotNet\StringNaturalComparer.BenchmarkDotNet.csproj", "{AA9FC72F-17FC-4808-9BBA-B5EE56F1A0DE}"
EndProject
Project("{9A19103F-16F7-4668-BE54-9A1E7A4F7556}") = "PocketTools.Testing.Moq.Extensions", "PocketTools.Testing.Moq.Extensions\PocketTools.Testing.Moq.Extensions.csproj", "{D38C10FF-0F8D-4162-B238-270B57D7B0DA}"
EndProject
Project("{9A19103F-16F7-4668-BE54-9A1E7A4F7556}") = "PocketTools.Testing.Moq.Extensions.Tests", "PocketTools.Testing.Moq.Extensions.Tests\PocketTools.Testing.Moq.Extensions.Tests.csproj", "{EA58B1D9-AFF2-4D10-9B93-4B5D9A5BBFDE}"
EndProject
Project("{9A19103F-16F7-4668-BE54-9A1E7A4F7556}") = "PocketTools.Testing.EntityFrameworkCore", "PocketTools.Testing.EntityFrameworkCore\PocketTools.Testing.EntityFrameworkCore.csproj", "{4059D384-FACB-4ED2-9F72-8D2A0E36E224}"
EndProject
Project("{2150E333-8FDC-42A3-9474-1A3956D46DE8}") = "PocketTools.Core", "PocketTools.Core", "{172ADB43-7B50-43EA-8D10-B88D4A0F8F6D}"
EndProject
Project("{2150E333-8FDC-42A3-9474-1A3956D46DE8}") = "Testing.EntityFrameworkCore", "Testing.EntityFrameworkCore", "{7DE25160-5A8B-4E74-9A63-DCE6AD147996}"
EndProject
Project("{2150E333-8FDC-42A3-9474-1A3956D46DE8}") = "Testing.Moq.Extensions", "Testing.Moq.Extensions", "{1C9A6D6F-395A-4B00-BE73-1DE91C636BC0}"
EndProject
Project("{9A19103F-16F7-4668-BE54-9A1E7A4F7556}") = "PocketTools.Testing.EntityFrameworkCore.Tests", "PocketTools.Testing.EntityFrameworkCore.Tests\PocketTools.Testing.EntityFrameworkCore.Tests.csproj", "{85E7688A-380E-4353-9555-FF8B4640B9DC}"
EndProject
Project("{9A19103F-16F7-4668-BE54-9A1E7A4F7556}") = "NorthwindDatabase", "NorthwindDatabase\NorthwindDatabase.csproj", "{30F3837C-0613-4FDB-861F-530A4617D5FB}"
EndProject
Project("{9A19103F-16F7-4668-BE54-9A1E7A4F7556}") = "PocketTools.Testing.EntityFrameworkCore.BenchmarkDotNet", "PocketTools.Testing.EntityFrameworkCore.BenchmarkDotNet\PocketTools.Testing.EntityFrameworkCore.BenchmarkDotNet.csproj", "{6ABFABC5-41DC-47CE-A84C-9BD6CE4C338A}"
EndProject
Project("{2150E333-8FDC-42A3-9474-1A3956D46DE8}") = "Testing.FluentAssertions.Extensions", "Testing.FluentAssertions.Extensions", "{6078939B-BC9C-41A8-9F70-9D340FBCB2A3}"
EndProject
Project("{FAE04EC0-301F-11D3-BF4B-00C04F79EFBC}") = "PocketTools.Testing.FluentAssertions.Extensions", "PocketTools.Testing.FluentAssertions.Extensions\PocketTools.Testing.FluentAssertions.Extensions.csproj", "{2BBD6089-29EB-4B38-BC1C-C9D729597511}"
EndProject
Project("{FAE04EC0-301F-11D3-BF4B-00C04F79EFBC}") = "PocketTools.Testing.FluentAssertions.Extensions.Tests", "PocketTools.Testing.FluentAssertions.Extensions.Tests\PocketTools.Testing.FluentAssertions.Extensions.Tests.csproj", "{7561AE7A-1F3A-42A2-A7B9-8114241AC38B}"
EndProject
Global
	GlobalSection(SolutionConfigurationPlatforms) = preSolution
		Debug|Any CPU = Debug|Any CPU
		Release|Any CPU = Release|Any CPU
	EndGlobalSection
	GlobalSection(ProjectConfigurationPlatforms) = postSolution
		{B71C0262-EF13-4EDD-841A-3DEE19F6E7FF}.Debug|Any CPU.ActiveCfg = Debug|Any CPU
		{B71C0262-EF13-4EDD-841A-3DEE19F6E7FF}.Debug|Any CPU.Build.0 = Debug|Any CPU
		{B71C0262-EF13-4EDD-841A-3DEE19F6E7FF}.Release|Any CPU.ActiveCfg = Release|Any CPU
		{B71C0262-EF13-4EDD-841A-3DEE19F6E7FF}.Release|Any CPU.Build.0 = Release|Any CPU
		{984961CA-71AD-4FE5-84FF-326BF389FCBE}.Debug|Any CPU.ActiveCfg = Debug|Any CPU
		{984961CA-71AD-4FE5-84FF-326BF389FCBE}.Debug|Any CPU.Build.0 = Debug|Any CPU
		{984961CA-71AD-4FE5-84FF-326BF389FCBE}.Release|Any CPU.ActiveCfg = Release|Any CPU
		{984961CA-71AD-4FE5-84FF-326BF389FCBE}.Release|Any CPU.Build.0 = Release|Any CPU
		{AA9FC72F-17FC-4808-9BBA-B5EE56F1A0DE}.Debug|Any CPU.ActiveCfg = Debug|Any CPU
		{AA9FC72F-17FC-4808-9BBA-B5EE56F1A0DE}.Debug|Any CPU.Build.0 = Debug|Any CPU
		{AA9FC72F-17FC-4808-9BBA-B5EE56F1A0DE}.Release|Any CPU.ActiveCfg = Release|Any CPU
		{AA9FC72F-17FC-4808-9BBA-B5EE56F1A0DE}.Release|Any CPU.Build.0 = Release|Any CPU
		{D38C10FF-0F8D-4162-B238-270B57D7B0DA}.Debug|Any CPU.ActiveCfg = Debug|Any CPU
		{D38C10FF-0F8D-4162-B238-270B57D7B0DA}.Debug|Any CPU.Build.0 = Debug|Any CPU
		{D38C10FF-0F8D-4162-B238-270B57D7B0DA}.Release|Any CPU.ActiveCfg = Release|Any CPU
		{D38C10FF-0F8D-4162-B238-270B57D7B0DA}.Release|Any CPU.Build.0 = Release|Any CPU
		{EA58B1D9-AFF2-4D10-9B93-4B5D9A5BBFDE}.Debug|Any CPU.ActiveCfg = Debug|Any CPU
		{EA58B1D9-AFF2-4D10-9B93-4B5D9A5BBFDE}.Debug|Any CPU.Build.0 = Debug|Any CPU
		{EA58B1D9-AFF2-4D10-9B93-4B5D9A5BBFDE}.Release|Any CPU.ActiveCfg = Release|Any CPU
		{EA58B1D9-AFF2-4D10-9B93-4B5D9A5BBFDE}.Release|Any CPU.Build.0 = Release|Any CPU
		{4059D384-FACB-4ED2-9F72-8D2A0E36E224}.Debug|Any CPU.ActiveCfg = Debug|Any CPU
		{4059D384-FACB-4ED2-9F72-8D2A0E36E224}.Debug|Any CPU.Build.0 = Debug|Any CPU
		{4059D384-FACB-4ED2-9F72-8D2A0E36E224}.Release|Any CPU.ActiveCfg = Release|Any CPU
		{4059D384-FACB-4ED2-9F72-8D2A0E36E224}.Release|Any CPU.Build.0 = Release|Any CPU
		{85E7688A-380E-4353-9555-FF8B4640B9DC}.Debug|Any CPU.ActiveCfg = Debug|Any CPU
		{85E7688A-380E-4353-9555-FF8B4640B9DC}.Debug|Any CPU.Build.0 = Debug|Any CPU
		{85E7688A-380E-4353-9555-FF8B4640B9DC}.Release|Any CPU.ActiveCfg = Release|Any CPU
		{85E7688A-380E-4353-9555-FF8B4640B9DC}.Release|Any CPU.Build.0 = Release|Any CPU
		{30F3837C-0613-4FDB-861F-530A4617D5FB}.Debug|Any CPU.ActiveCfg = Debug|Any CPU
		{30F3837C-0613-4FDB-861F-530A4617D5FB}.Debug|Any CPU.Build.0 = Debug|Any CPU
		{30F3837C-0613-4FDB-861F-530A4617D5FB}.Release|Any CPU.ActiveCfg = Release|Any CPU
		{30F3837C-0613-4FDB-861F-530A4617D5FB}.Release|Any CPU.Build.0 = Release|Any CPU
		{6ABFABC5-41DC-47CE-A84C-9BD6CE4C338A}.Debug|Any CPU.ActiveCfg = Debug|Any CPU
		{6ABFABC5-41DC-47CE-A84C-9BD6CE4C338A}.Debug|Any CPU.Build.0 = Debug|Any CPU
		{6ABFABC5-41DC-47CE-A84C-9BD6CE4C338A}.Release|Any CPU.ActiveCfg = Release|Any CPU
		{6ABFABC5-41DC-47CE-A84C-9BD6CE4C338A}.Release|Any CPU.Build.0 = Release|Any CPU
		{2BBD6089-29EB-4B38-BC1C-C9D729597511}.Debug|Any CPU.ActiveCfg = Debug|Any CPU
		{2BBD6089-29EB-4B38-BC1C-C9D729597511}.Debug|Any CPU.Build.0 = Debug|Any CPU
		{2BBD6089-29EB-4B38-BC1C-C9D729597511}.Release|Any CPU.ActiveCfg = Release|Any CPU
		{2BBD6089-29EB-4B38-BC1C-C9D729597511}.Release|Any CPU.Build.0 = Release|Any CPU
		{7561AE7A-1F3A-42A2-A7B9-8114241AC38B}.Debug|Any CPU.ActiveCfg = Debug|Any CPU
		{7561AE7A-1F3A-42A2-A7B9-8114241AC38B}.Debug|Any CPU.Build.0 = Debug|Any CPU
		{7561AE7A-1F3A-42A2-A7B9-8114241AC38B}.Release|Any CPU.ActiveCfg = Release|Any CPU
		{7561AE7A-1F3A-42A2-A7B9-8114241AC38B}.Release|Any CPU.Build.0 = Release|Any CPU
	EndGlobalSection
	GlobalSection(SolutionProperties) = preSolution
		HideSolutionNode = FALSE
	EndGlobalSection
	GlobalSection(NestedProjects) = preSolution
		{B71C0262-EF13-4EDD-841A-3DEE19F6E7FF} = {172ADB43-7B50-43EA-8D10-B88D4A0F8F6D}
		{984961CA-71AD-4FE5-84FF-326BF389FCBE} = {172ADB43-7B50-43EA-8D10-B88D4A0F8F6D}
		{AA9FC72F-17FC-4808-9BBA-B5EE56F1A0DE} = {172ADB43-7B50-43EA-8D10-B88D4A0F8F6D}
		{D38C10FF-0F8D-4162-B238-270B57D7B0DA} = {1C9A6D6F-395A-4B00-BE73-1DE91C636BC0}
		{EA58B1D9-AFF2-4D10-9B93-4B5D9A5BBFDE} = {1C9A6D6F-395A-4B00-BE73-1DE91C636BC0}
		{4059D384-FACB-4ED2-9F72-8D2A0E36E224} = {7DE25160-5A8B-4E74-9A63-DCE6AD147996}
		{85E7688A-380E-4353-9555-FF8B4640B9DC} = {7DE25160-5A8B-4E74-9A63-DCE6AD147996}
		{30F3837C-0613-4FDB-861F-530A4617D5FB} = {7DE25160-5A8B-4E74-9A63-DCE6AD147996}
		{6ABFABC5-41DC-47CE-A84C-9BD6CE4C338A} = {7DE25160-5A8B-4E74-9A63-DCE6AD147996}
		{2BBD6089-29EB-4B38-BC1C-C9D729597511} = {6078939B-BC9C-41A8-9F70-9D340FBCB2A3}
		{7561AE7A-1F3A-42A2-A7B9-8114241AC38B} = {6078939B-BC9C-41A8-9F70-9D340FBCB2A3}
	EndGlobalSection
	GlobalSection(ExtensibilityGlobals) = postSolution
		SolutionGuid = {C9252C7C-089C-4E00-8D61-10D23FC5756B}
	EndGlobalSection
EndGlobal
